
Microsoft Visual Studio Solution File, Format Version 12.00
# Visual Studio 2012
Project("{2150E333-8FDC-42A3-9474-1A3956D46DE8}") = "03-UserInterface", "03-UserInterface", "{C6614163-44ED-4232-9407-1510DCF06333}"
EndProject
Project("{2150E333-8FDC-42A3-9474-1A3956D46DE8}") = "01-DataAccess", "01-DataAccess", "{5BCBEFDD-DC94-42D6-A762-450CF17CA317}"
EndProject
Project("{2150E333-8FDC-42A3-9474-1A3956D46DE8}") = "02-BusinessLogic", "02-BusinessLogic", "{2FCDB12D-3B08-473A-8FDF-611E5928C371}"
EndProject
Project("{2150E333-8FDC-42A3-9474-1A3956D46DE8}") = "04-Framework", "04-Framework", "{87DFD12A-3D43-404F-ACB2-0AE967D7F6AB}"
EndProject
Project("{FAE04EC0-301F-11D3-BF4B-00C04F79EFBC}") = "Wechat.WebUI", "Wechat.WebUI\Wechat.WebUI.csproj", "{5ABE5E7C-A3B8-4A3F-A828-3E275D60AC6D}"
EndProject
Project("{FAE04EC0-301F-11D3-BF4B-00C04F79EFBC}") = "Wechat.API", "Wechat.API\Wechat.API.csproj", "{8BB43531-38D6-41AF-8FDF-C69802110D8A}"
EndProject
Project("{FAE04EC0-301F-11D3-BF4B-00C04F79EFBC}") = "Wechat.Data", "Wechat.Data\Wechat.Data.csproj", "{20356207-A933-4725-8370-4454C222A7A3}"
EndProject
Project("{FAE04EC0-301F-11D3-BF4B-00C04F79EFBC}") = "Wechat.Service", "Wechat.Service\Wechat.Service.csproj", "{2EF6C1C4-FFFF-47F2-B253-BE5E9617A025}"
EndProject
Project("{FAE04EC0-301F-11D3-BF4B-00C04F79EFBC}") = "YLP.Tookit", "YLP.Tookit\YLP.Tookit.csproj", "{84F286B9-A5E3-49A8-9FB8-5FF41F4DBF9F}"
EndProject
Project("{FAE04EC0-301F-11D3-BF4B-00C04F79EFBC}") = "Alipay.API", "Alipay.API\Alipay.API.csproj", "{50C94A68-583A-4059-A2CD-3444EF2F1A22}"
EndProject
Global
	GlobalSection(SolutionConfigurationPlatforms) = preSolution
		Debug|Any CPU = Debug|Any CPU
		Release|Any CPU = Release|Any CPU
	EndGlobalSection
	GlobalSection(ProjectConfigurationPlatforms) = postSolution
		{5ABE5E7C-A3B8-4A3F-A828-3E275D60AC6D}.Debug|Any CPU.ActiveCfg = Debug|Any CPU
		{5ABE5E7C-A3B8-4A3F-A828-3E275D60AC6D}.Debug|Any CPU.Build.0 = Debug|Any CPU
		{5ABE5E7C-A3B8-4A3F-A828-3E275D60AC6D}.Release|Any CPU.ActiveCfg = Release|Any CPU
		{5ABE5E7C-A3B8-4A3F-A828-3E275D60AC6D}.Release|Any CPU.Build.0 = Release|Any CPU
		{8BB43531-38D6-41AF-8FDF-C69802110D8A}.Debug|Any CPU.ActiveCfg = Debug|Any CPU
		{8BB43531-38D6-41AF-8FDF-C69802110D8A}.Debug|Any CPU.Build.0 = Debug|Any CPU
		{8BB43531-38D6-41AF-8FDF-C69802110D8A}.Release|Any CPU.ActiveCfg = Release|Any CPU
		{8BB43531-38D6-41AF-8FDF-C69802110D8A}.Release|Any CPU.Build.0 = Release|Any CPU
		{20356207-A933-4725-8370-4454C222A7A3}.Debug|Any CPU.ActiveCfg = Debug|Any CPU
		{20356207-A933-4725-8370-4454C222A7A3}.Debug|Any CPU.Build.0 = Debug|Any CPU
		{20356207-A933-4725-8370-4454C222A7A3}.Release|Any CPU.ActiveCfg = Release|Any CPU
		{20356207-A933-4725-8370-4454C222A7A3}.Release|Any CPU.Build.0 = Release|Any CPU
		{2EF6C1C4-FFFF-47F2-B253-BE5E9617A025}.Debug|Any CPU.ActiveCfg = Debug|Any CPU
		{2EF6C1C4-FFFF-47F2-B253-BE5E9617A025}.Debug|Any CPU.Build.0 = Debug|Any CPU
		{2EF6C1C4-FFFF-47F2-B253-BE5E9617A025}.Release|Any CPU.ActiveCfg = Release|Any CPU
		{2EF6C1C4-FFFF-47F2-B253-BE5E9617A025}.Release|Any CPU.Build.0 = Release|Any CPU
		{84F286B9-A5E3-49A8-9FB8-5FF41F4DBF9F}.Debug|Any CPU.ActiveCfg = Debug|Any CPU
		{84F286B9-A5E3-49A8-9FB8-5FF41F4DBF9F}.Debug|Any CPU.Build.0 = Debug|Any CPU
		{84F286B9-A5E3-49A8-9FB8-5FF41F4DBF9F}.Release|Any CPU.ActiveCfg = Release|Any CPU
		{84F286B9-A5E3-49A8-9FB8-5FF41F4DBF9F}.Release|Any CPU.Build.0 = Release|Any CPU
		{50C94A68-583A-4059-A2CD-3444EF2F1A22}.Debug|Any CPU.ActiveCfg = Debug|Any CPU
		{50C94A68-583A-4059-A2CD-3444EF2F1A22}.Debug|Any CPU.Build.0 = Debug|Any CPU
		{50C94A68-583A-4059-A2CD-3444EF2F1A22}.Release|Any CPU.ActiveCfg = Release|Any CPU
		{50C94A68-583A-4059-A2CD-3444EF2F1A22}.Release|Any CPU.Build.0 = Release|Any CPU
	EndGlobalSection
	GlobalSection(SolutionProperties) = preSolution
		HideSolutionNode = FALSE
	EndGlobalSection
	GlobalSection(NestedProjects) = preSolution
		{5ABE5E7C-A3B8-4A3F-A828-3E275D60AC6D} = {C6614163-44ED-4232-9407-1510DCF06333}
		{20356207-A933-4725-8370-4454C222A7A3} = {5BCBEFDD-DC94-42D6-A762-450CF17CA317}
		{2EF6C1C4-FFFF-47F2-B253-BE5E9617A025} = {2FCDB12D-3B08-473A-8FDF-611E5928C371}
		{8BB43531-38D6-41AF-8FDF-C69802110D8A} = {87DFD12A-3D43-404F-ACB2-0AE967D7F6AB}
		{84F286B9-A5E3-49A8-9FB8-5FF41F4DBF9F} = {87DFD12A-3D43-404F-ACB2-0AE967D7F6AB}
		{50C94A68-583A-4059-A2CD-3444EF2F1A22} = {87DFD12A-3D43-404F-ACB2-0AE967D7F6AB}
	EndGlobalSection
EndGlobal
